// !$*UTF8*$!
{
	archiveVersion = 1;
	classes = {
	};
	objectVersion = 50;
	objects = {

/* Begin PBXBuildFile section */
		4465051226D6E69F002BB6C5 /* EarthQuakesApp.swift in Sources */ = {isa = PBXBuildFile; fileRef = 4465051126D6E69F002BB6C5 /* EarthQuakesApp.swift */; };
		4465051426D6E69F002BB6C5 /* ContentView.swift in Sources */ = {isa = PBXBuildFile; fileRef = 4465051326D6E69F002BB6C5 /* ContentView.swift */; };
		4465051626D6E6A3002BB6C5 /* Assets.xcassets in Resources */ = {isa = PBXBuildFile; fileRef = 4465051526D6E6A3002BB6C5 /* Assets.xcassets */; };
		4465051926D6E6A3002BB6C5 /* Preview Assets.xcassets in Resources */ = {isa = PBXBuildFile; fileRef = 4465051826D6E6A3002BB6C5 /* Preview Assets.xcassets */; };
		4465052226D6E71A002BB6C5 /* NetworkingManager.swift in Sources */ = {isa = PBXBuildFile; fileRef = 4465052126D6E71A002BB6C5 /* NetworkingManager.swift */; };
		4465052626D6E803002BB6C5 /* Quake.swift in Sources */ = {isa = PBXBuildFile; fileRef = 4465052526D6E803002BB6C5 /* Quake.swift */; };
		4465054C26D726D8002BB6C5 /* CellRow.swift in Sources */ = {isa = PBXBuildFile; fileRef = 4465054B26D726D8002BB6C5 /* CellRow.swift */; };
		4465054F26D74785002BB6C5 /* QuakeDetails.swift in Sources */ = {isa = PBXBuildFile; fileRef = 4465054E26D74785002BB6C5 /* QuakeDetails.swift */; };
/* End PBXBuildFile section */

/* Begin PBXFileReference section */
		4465050E26D6E69F002BB6C5 /* EarthQuakes.app */ = {isa = PBXFileReference; explicitFileType = wrapper.application; includeInIndex = 0; path = EarthQuakes.app; sourceTree = BUILT_PRODUCTS_DIR; };
		4465051126D6E69F002BB6C5 /* EarthQuakesApp.swift */ = {isa = PBXFileReference; lastKnownFileType = sourcecode.swift; path = EarthQuakesApp.swift; sourceTree = "<group>"; };
		4465051326D6E69F002BB6C5 /* ContentView.swift */ = {isa = PBXFileReference; lastKnownFileType = sourcecode.swift; path = ContentView.swift; sourceTree = "<group>"; };
		4465051526D6E6A3002BB6C5 /* Assets.xcassets */ = {isa = PBXFileReference; lastKnownFileType = folder.assetcatalog; path = Assets.xcassets; sourceTree = "<group>"; };
		4465051826D6E6A3002BB6C5 /* Preview Assets.xcassets */ = {isa = PBXFileReference; lastKnownFileType = folder.assetcatalog; path = "Preview Assets.xcassets"; sourceTree = "<group>"; };
		4465051A26D6E6A3002BB6C5 /* Info.plist */ = {isa = PBXFileReference; lastKnownFileType = text.plist.xml; path = Info.plist; sourceTree = "<group>"; };
		4465052126D6E71A002BB6C5 /* NetworkingManager.swift */ = {isa = PBXFileReference; lastKnownFileType = sourcecode.swift; path = NetworkingManager.swift; sourceTree = "<group>"; };
		4465052526D6E803002BB6C5 /* Quake.swift */ = {isa = PBXFileReference; lastKnownFileType = sourcecode.swift; path = Quake.swift; sourceTree = "<group>"; };
		4465054B26D726D8002BB6C5 /* CellRow.swift */ = {isa = PBXFileReference; lastKnownFileType = sourcecode.swift; path = CellRow.swift; sourceTree = "<group>"; };
		4465054E26D74785002BB6C5 /* QuakeDetails.swift */ = {isa = PBXFileReference; lastKnownFileType = sourcecode.swift; path = QuakeDetails.swift; sourceTree = "<group>"; };
/* End PBXFileReference section */

/* Begin PBXFrameworksBuildPhase section */
		4465050B26D6E69F002BB6C5 /* Frameworks */ = {
			isa = PBXFrameworksBuildPhase;
			buildActionMask = 2147483647;
			files = (
			);
			runOnlyForDeploymentPostprocessing = 0;
		};
/* End PBXFrameworksBuildPhase section */

/* Begin PBXGroup section */
		4465050526D6E69F002BB6C5 = {
			isa = PBXGroup;
			children = (
				4465051026D6E69F002BB6C5 /* EarthQuakes */,
				4465050F26D6E69F002BB6C5 /* Products */,
			);
			sourceTree = "<group>";
		};
		4465050F26D6E69F002BB6C5 /* Products */ = {
			isa = PBXGroup;
			children = (
				4465050E26D6E69F002BB6C5 /* EarthQuakes.app */,
			);
			name = Products;
			sourceTree = "<group>";
		};
		4465051026D6E69F002BB6C5 /* EarthQuakes */ = {
			isa = PBXGroup;
			children = (
				4465054A26D726B4002BB6C5 /* Views */,
				4465052426D6E7F0002BB6C5 /* Model */,
				4465051126D6E69F002BB6C5 /* EarthQuakesApp.swift */,
				4465051326D6E69F002BB6C5 /* ContentView.swift */,
				4465052126D6E71A002BB6C5 /* NetworkingManager.swift */,
				4465051526D6E6A3002BB6C5 /* Assets.xcassets */,
				4465051A26D6E6A3002BB6C5 /* Info.plist */,
				4465051726D6E6A3002BB6C5 /* Preview Content */,
			);
			path = EarthQuakes;
			sourceTree = "<group>";
		};
		4465051726D6E6A3002BB6C5 /* Preview Content */ = {
			isa = PBXGroup;
			children = (
				4465051826D6E6A3002BB6C5 /* Preview Assets.xcassets */,
			);
			path = "Preview Content";
			sourceTree = "<group>";
		};
		4465052426D6E7F0002BB6C5 /* Model */ = {
			isa = PBXGroup;
			children = (
				4465052526D6E803002BB6C5 /* Quake.swift */,
			);
			path = Model;
			sourceTree = "<group>";
		};
		4465054A26D726B4002BB6C5 /* Views */ = {
			isa = PBXGroup;
			children = (
				4465054B26D726D8002BB6C5 /* CellRow.swift */,
				4465054E26D74785002BB6C5 /* QuakeDetails.swift */,
			);
			path = Views;
			sourceTree = "<group>";
		};
/* End PBXGroup section */

/* Begin PBXNativeTarget section */
		4465050D26D6E69F002BB6C5 /* EarthQuakes */ = {
			isa = PBXNativeTarget;
			buildConfigurationList = 4465051D26D6E6A3002BB6C5 /* Build configuration list for PBXNativeTarget "EarthQuakes" */;
			buildPhases = (
				4465050A26D6E69F002BB6C5 /* Sources */,
				4465050B26D6E69F002BB6C5 /* Frameworks */,
				4465050C26D6E69F002BB6C5 /* Resources */,
			);
			buildRules = (
			);
			dependencies = (
			);
			name = EarthQuakes;
			productName = EarthQuakes;
			productReference = 4465050E26D6E69F002BB6C5 /* EarthQuakes.app */;
			productType = "com.apple.product-type.application";
		};
/* End PBXNativeTarget section */

/* Begin PBXProject section */
		4465050626D6E69F002BB6C5 /* Project object */ = {
			isa = PBXProject;
			attributes = {
				LastSwiftUpdateCheck = 1240;
				LastUpgradeCheck = 1240;
				TargetAttributes = {
					4465050D26D6E69F002BB6C5 = {
						CreatedOnToolsVersion = 12.4;
					};
				};
			};
			buildConfigurationList = 4465050926D6E69F002BB6C5 /* Build configuration list for PBXProject "EarthQuakes" */;
			compatibilityVersion = "Xcode 9.3";
			developmentRegion = en;
			hasScannedForEncodings = 0;
			knownRegions = (
				en,
				Base,
			);
			mainGroup = 4465050526D6E69F002BB6C5;
			productRefGroup = 4465050F26D6E69F002BB6C5 /* Products */;
			projectDirPath = "";
			projectRoot = "";
			targets = (
				4465050D26D6E69F002BB6C5 /* EarthQuakes */,
			);
		};
/* End PBXProject section */

/* Begin PBXResourcesBuildPhase section */
		4465050C26D6E69F002BB6C5 /* Resources */ = {
			isa = PBXResourcesBuildPhase;
			buildActionMask = 2147483647;
			files = (
				4465051926D6E6A3002BB6C5 /* Preview Assets.xcassets in Resources */,
				4465051626D6E6A3002BB6C5 /* Assets.xcassets in Resources */,
			);
			runOnlyForDeploymentPostprocessing = 0;
		};
/* End PBXResourcesBuildPhase section */

/* Begin PBXSourcesBuildPhase section */
		4465050A26D6E69F002BB6C5 /* Sources */ = {
			isa = PBXSourcesBuildPhase;
			buildActionMask = 2147483647;
			files = (
				4465052226D6E71A002BB6C5 /* NetworkingManager.swift in Sources */,
				4465052626D6E803002BB6C5 /* Quake.swift in Sources */,
				4465054F26D74785002BB6C5 /* QuakeDetails.swift in Sources */,
				4465051426D6E69F002BB6C5 /* ContentView.swift in Sources */,
				4465054C26D726D8002BB6C5 /* CellRow.swift in Sources */,
				4465051226D6E69F002BB6C5 /* EarthQuakesApp.swift in Sources */,
			);
			runOnlyForDeploymentPostprocessing = 0;
		};
/* End PBXSourcesBuildPhase section */

/* Begin XCBuildConfiguration section */
		4465051B26D6E6A3002BB6C5 /* Debug */ = {
			isa = XCBuildConfiguration;
			buildSettings = {
				ALWAYS_SEARCH_USER_PATHS = NO;
				CLANG_ANALYZER_NONNULL = YES;
				CLANG_ANALYZER_NUMBER_OBJECT_CONVERSION = YES_AGGRESSIVE;
				CLANG_CXX_LANGUAGE_STANDARD = "gnu++14";
				CLANG_CXX_LIBRARY = "libc++";
				CLANG_ENABLE_MODULES = YES;
				CLANG_ENABLE_OBJC_ARC = YES;
				CLANG_ENABLE_OBJC_WEAK = YES;
				CLANG_WARN_BLOCK_CAPTURE_AUTORELEASING = YES;
				CLANG_WARN_BOOL_CONVERSION = YES;
				CLANG_WARN_COMMA = YES;
				CLANG_WARN_CONSTANT_CONVERSION = YES;
				CLANG_WARN_DEPRECATED_OBJC_IMPLEMENTATIONS = YES;
				CLANG_WARN_DIRECT_OBJC_ISA_USAGE = YES_ERROR;
				CLANG_WARN_DOCUMENTATION_COMMENTS = YES;
				CLANG_WARN_EMPTY_BODY = YES;
				CLANG_WARN_ENUM_CONVERSION = YES;
				CLANG_WARN_INFINITE_RECURSION = YES;
				CLANG_WARN_INT_CONVERSION = YES;
				CLANG_WARN_NON_LITERAL_NULL_CONVERSION = YES;
				CLANG_WARN_OBJC_IMPLICIT_RETAIN_SELF = YES;
				CLANG_WARN_OBJC_LITERAL_CONVERSION = YES;
				CLANG_WARN_OBJC_ROOT_CLASS = YES_ERROR;
				CLANG_WARN_QUOTED_INCLUDE_IN_FRAMEWORK_HEADER = YES;
				CLANG_WARN_RANGE_LOOP_ANALYSIS = YES;
				CLANG_WARN_STRICT_PROTOTYPES = YES;
				CLANG_WARN_SUSPICIOUS_MOVE = YES;
				CLANG_WARN_UNGUARDED_AVAILABILITY = YES_AGGRESSIVE;
				CLANG_WARN_UNREACHABLE_CODE = YES;
				CLANG_WARN__DUPLICATE_METHOD_MATCH = YES;
				COPY_PHASE_STRIP = NO;
				DEBUG_INFORMATION_FORMAT = dwarf;
				ENABLE_STRICT_OBJC_MSGSEND = YES;
				ENABLE_TESTABILITY = YES;
				GCC_C_LANGUAGE_STANDARD = gnu11;
				GCC_DYNAMIC_NO_PIC = NO;
				GCC_NO_COMMON_BLOCKS = YES;
				GCC_OPTIMIZATION_LEVEL = 0;
				GCC_PREPROCESSOR_DEFINITIONS = (
					"DEBUG=1",
					"$(inherited)",
				);
				GCC_WARN_64_TO_32_BIT_CONVERSION = YES;
				GCC_WARN_ABOUT_RETURN_TYPE = YES_ERROR;
				GCC_WARN_UNDECLARED_SELECTOR = YES;
				GCC_WARN_UNINITIALIZED_AUTOS = YES_AGGRESSIVE;
				GCC_WARN_UNUSED_FUNCTION = YES;
				GCC_WARN_UNUSED_VARIABLE = YES;
				IPHONEOS_DEPLOYMENT_TARGET = 14.4;
				MTL_ENABLE_DEBUG_INFO = INCLUDE_SOURCE;
				MTL_FAST_MATH = YES;
				ONLY_ACTIVE_ARCH = YES;
				SDKROOT = iphoneos;
				SWIFT_ACTIVE_COMPILATION_CONDITIONS = DEBUG;
				SWIFT_OPTIMIZATION_LEVEL = "-Onone";
			};
			name = Debug;
		};
		4465051C26D6E6A3002BB6C5 /* Release */ = {
			isa = XCBuildConfiguration;
			buildSettings = {
				ALWAYS_SEARCH_USER_PATHS = NO;
				CLANG_ANALYZER_NONNULL = YES;
				CLANG_ANALYZER_NUMBER_OBJECT_CONVERSION = YES_AGGRESSIVE;
				CLANG_CXX_LANGUAGE_STANDARD = "gnu++14";
				CLANG_CXX_LIBRARY = "libc++";
				CLANG_ENABLE_MODULES = YES;
				CLANG_ENABLE_OBJC_ARC = YES;
				CLANG_ENABLE_OBJC_WEAK = YES;
				CLANG_WARN_BLOCK_CAPTURE_AUTORELEASING = YES;
				CLANG_WARN_BOOL_CONVERSION = YES;
				CLANG_WARN_COMMA = YES;
				CLANG_WARN_CONSTANT_CONVERSION = YES;
				CLANG_WARN_DEPRECATED_OBJC_IMPLEMENTATIONS = YES;
				CLANG_WARN_DIRECT_OBJC_ISA_USAGE = YES_ERROR;
				CLANG_WARN_DOCUMENTATION_COMMENTS = YES;
				CLANG_WARN_EMPTY_BODY = YES;
				CLANG_WARN_ENUM_CONVERSION = YES;
				CLANG_WARN_INFINITE_RECURSION = YES;
				CLANG_WARN_INT_CONVERSION = YES;
				CLANG_WARN_NON_LITERAL_NULL_CONVERSION = YES;
				CLANG_WARN_OBJC_IMPLICIT_RETAIN_SELF = YES;
				CLANG_WARN_OBJC_LITERAL_CONVERSION = YES;
				CLANG_WARN_OBJC_ROOT_CLASS = YES_ERROR;
				CLANG_WARN_QUOTED_INCLUDE_IN_FRAMEWORK_HEADER = YES;
				CLANG_WARN_RANGE_LOOP_ANALYSIS = YES;
				CLANG_WARN_STRICT_PROTOTYPES = YES;
				CLANG_WARN_SUSPICIOUS_MOVE = YES;
				CLANG_WARN_UNGUARDED_AVAILABILITY = YES_AGGRESSIVE;
				CLANG_WARN_UNREACHABLE_CODE = YES;
				CLANG_WARN__DUPLICATE_METHOD_MATCH = YES;
				COPY_PHASE_STRIP = NO;
				DEBUG_INFORMATION_FORMAT = "dwarf-with-dsym";
				ENABLE_NS_ASSERTIONS = NO;
				ENABLE_STRICT_OBJC_MSGSEND = YES;
				GCC_C_LANGUAGE_STANDARD = gnu11;
				GCC_NO_COMMON_BLOCKS = YES;
				GCC_WARN_64_TO_32_BIT_CONVERSION = YES;
				GCC_WARN_ABOUT_RETURN_TYPE = YES_ERROR;
				GCC_WARN_UNDECLARED_SELECTOR = YES;
				GCC_WARN_UNINITIALIZED_AUTOS = YES_AGGRESSIVE;
				GCC_WARN_UNUSED_FUNCTION = YES;
				GCC_WARN_UNUSED_VARIABLE = YES;
				IPHONEOS_DEPLOYMENT_TARGET = 14.4;
				MTL_ENABLE_DEBUG_INFO = NO;
				MTL_FAST_MATH = YES;
				SDKROOT = iphoneos;
				SWIFT_COMPILATION_MODE = wholemodule;
				SWIFT_OPTIMIZATION_LEVEL = "-O";
				VALIDATE_PRODUCT = YES;
			};
			name = Release;
		};
		4465051E26D6E6A3002BB6C5 /* Debug */ = {
			isa = XCBuildConfiguration;
			buildSettings = {
				ASSETCATALOG_COMPILER_APPICON_NAME = AppIcon;
				ASSETCATALOG_COMPILER_GLOBAL_ACCENT_COLOR_NAME = AccentColor;
				CODE_SIGN_STYLE = Automatic;
				DEVELOPMENT_ASSET_PATHS = "\"EarthQuakes/Preview Content\"";
				DEVELOPMENT_TEAM = 2GZCVQL39Y;
				ENABLE_PREVIEWS = YES;
				INFOPLIST_FILE = EarthQuakes/Info.plist;
				IPHONEOS_DEPLOYMENT_TARGET = 14.0;
				LD_RUNPATH_SEARCH_PATHS = (
					"$(inherited)",
					"@executable_path/Frameworks",
				);
				PRODUCT_BUNDLE_IDENTIFIER = com.shaharyarbaig.EarthQuakes;
				PRODUCT_NAME = "$(TARGET_NAME)";
				SWIFT_VERSION = 5.0;
				TARGETED_DEVICE_FAMILY = "1,2";
			};
			name = Debug;
		};
		4465051F26D6E6A3002BB6C5 /* Release */ = {
			isa = XCBuildConfiguration;
			buildSettings = {
				ASSETCATALOG_COMPILER_APPICON_NAME = AppIcon;
				ASSETCATALOG_COMPILER_GLOBAL_ACCENT_COLOR_NAME = AccentColor;
				CODE_SIGN_STYLE = Automatic;
				DEVELOPMENT_ASSET_PATHS = "\"EarthQuakes/Preview Content\"";
				DEVELOPMENT_TEAM = 2GZCVQL39Y;
				ENABLE_PREVIEWS = YES;
				INFOPLIST_FILE = EarthQuakes/Info.plist;
				IPHONEOS_DEPLOYMENT_TARGET = 14.0;
				LD_RUNPATH_SEARCH_PATHS = (
					"$(inherited)",
					"@executable_path/Frameworks",
				);
				PRODUCT_BUNDLE_IDENTIFIER = com.shaharyarbaig.EarthQuakes;
				PRODUCT_NAME = "$(TARGET_NAME)";
				SWIFT_VERSION = 5.0;
				TARGETED_DEVICE_FAMILY = "1,2";
			};
			name = Release;
		};
/* End XCBuildConfiguration section */

/* Begin XCConfigurationList section */
		4465050926D6E69F002BB6C5 /* Build configuration list for PBXProject "EarthQuakes" */ = {
			isa = XCConfigurationList;
			buildConfigurations = (
				4465051B26D6E6A3002BB6C5 /* Debug */,
				4465051C26D6E6A3002BB6C5 /* Release */,
			);
			defaultConfigurationIsVisible = 0;
			defaultConfigurationName = Release;
		};
		4465051D26D6E6A3002BB6C5 /* Build configuration list for PBXNativeTarget "EarthQuakes" */ = {
			isa = XCConfigurationList;
			buildConfigurations = (
				4465051E26D6E6A3002BB6C5 /* Debug */,
				4465051F26D6E6A3002BB6C5 /* Release */,
			);
			defaultConfigurationIsVisible = 0;
			defaultConfigurationName = Release;
		};
/* End XCConfigurationList section */
	};
	rootObject = 4465050626D6E69F002BB6C5 /* Project object */;
}
